
Microsoft Visual Studio Solution File, Format Version 12.00
# Visual Studio Version 17
VisualStudioVersion = 17.3.32819.101
MinimumVisualStudioVersion = 10.0.40219.1
Project("{FAE04EC0-301F-11D3-BF4B-00C04F79EFBC}") = "Diamond-Square", "Diamond-Square\Diamond-Square.csproj", "{275044E8-136D-4F35-98F9-828EAA253379}"
EndProject
Global
	GlobalSection(SolutionConfigurationPlatforms) = preSolution
		Debug|Any CPU = Debug|Any CPU
		Release|Any CPU = Release|Any CPU
	EndGlobalSection
	GlobalSection(ProjectConfigurationPlatforms) = postSolution
		{275044E8-136D-4F35-98F9-828EAA253379}.Debug|Any CPU.ActiveCfg = Debug|Any CPU
		{275044E8-136D-4F35-98F9-828EAA253379}.Debug|Any CPU.Build.0 = Debug|Any CPU
		{275044E8-136D-4F35-98F9-828EAA253379}.Release|Any CPU.ActiveCfg = Release|Any CPU
		{275044E8-136D-4F35-98F9-828EAA253379}.Release|Any CPU.Build.0 = Release|Any CPU
	EndGlobalSection
	GlobalSection(SolutionProperties) = preSolution
		HideSolutionNode = FALSE
	EndGlobalSection
	GlobalSection(ExtensibilityGlobals) = postSolution
		SolutionGuid = {54D8E37E-1483-4603-938E-77C7A13048F6}
	EndGlobalSection
EndGlobal
