
Microsoft Visual Studio Solution File, Format Version 12.00
# Visual Studio Version 17
VisualStudioVersion = 17.3.32819.101
MinimumVisualStudioVersion = 10.0.40219.1
Project("{9A19103F-16F7-4668-BE54-9A1E7A4F7556}") = "VR.DiamondSquare.View", "VR.DiamondSquare.View\VR.DiamondSquare.View.csproj", "{275044E8-136D-4F35-98F9-828EAA253379}"
EndProject
Project("{9A19103F-16F7-4668-BE54-9A1E7A4F7556}") = "VR.DIamondSquare.Model", "VR.DIamondSquare.Model\VR.DIamondSquare.Model.csproj", "{C452E92E-FCD4-413E-8D92-AF653A9BD51B}"
EndProject
Project("{9A19103F-16F7-4668-BE54-9A1E7A4F7556}") = "VR.DiamondSquare.ViewModel", "VR.DiamondSquare.ViewModel\VR.DiamondSquare.ViewModel.csproj", "{E37D3360-E54C-4CA8-B4FB-4E25D3AB65A3}"
EndProject
Project("{FAE04EC0-301F-11D3-BF4B-00C04F79EFBC}") = "VR.DIamondSquare.Tools", "VR.DIamondSquare.Tool\VR.DIamondSquare.Tools.csproj", "{52FAE06C-DF3D-49B8-A58F-AB52D9716FA5}"
EndProject
Global
	GlobalSection(SolutionConfigurationPlatforms) = preSolution
		Debug|Any CPU = Debug|Any CPU
		Release|Any CPU = Release|Any CPU
	EndGlobalSection
	GlobalSection(ProjectConfigurationPlatforms) = postSolution
		{275044E8-136D-4F35-98F9-828EAA253379}.Debug|Any CPU.ActiveCfg = Debug|Any CPU
		{275044E8-136D-4F35-98F9-828EAA253379}.Debug|Any CPU.Build.0 = Debug|Any CPU
		{275044E8-136D-4F35-98F9-828EAA253379}.Release|Any CPU.ActiveCfg = Release|Any CPU
		{275044E8-136D-4F35-98F9-828EAA253379}.Release|Any CPU.Build.0 = Release|Any CPU
		{C452E92E-FCD4-413E-8D92-AF653A9BD51B}.Debug|Any CPU.ActiveCfg = Debug|Any CPU
		{C452E92E-FCD4-413E-8D92-AF653A9BD51B}.Debug|Any CPU.Build.0 = Debug|Any CPU
		{C452E92E-FCD4-413E-8D92-AF653A9BD51B}.Release|Any CPU.ActiveCfg = Release|Any CPU
		{C452E92E-FCD4-413E-8D92-AF653A9BD51B}.Release|Any CPU.Build.0 = Release|Any CPU
		{E37D3360-E54C-4CA8-B4FB-4E25D3AB65A3}.Debug|Any CPU.ActiveCfg = Debug|Any CPU
		{E37D3360-E54C-4CA8-B4FB-4E25D3AB65A3}.Debug|Any CPU.Build.0 = Debug|Any CPU
		{E37D3360-E54C-4CA8-B4FB-4E25D3AB65A3}.Release|Any CPU.ActiveCfg = Release|Any CPU
		{E37D3360-E54C-4CA8-B4FB-4E25D3AB65A3}.Release|Any CPU.Build.0 = Release|Any CPU
		{52FAE06C-DF3D-49B8-A58F-AB52D9716FA5}.Debug|Any CPU.ActiveCfg = Debug|Any CPU
		{52FAE06C-DF3D-49B8-A58F-AB52D9716FA5}.Debug|Any CPU.Build.0 = Debug|Any CPU
		{52FAE06C-DF3D-49B8-A58F-AB52D9716FA5}.Release|Any CPU.ActiveCfg = Release|Any CPU
		{52FAE06C-DF3D-49B8-A58F-AB52D9716FA5}.Release|Any CPU.Build.0 = Release|Any CPU
	EndGlobalSection
	GlobalSection(SolutionProperties) = preSolution
		HideSolutionNode = FALSE
	EndGlobalSection
	GlobalSection(ExtensibilityGlobals) = postSolution
		SolutionGuid = {54D8E37E-1483-4603-938E-77C7A13048F6}
	EndGlobalSection
EndGlobal
